
Microsoft Visual Studio Solution File, Format Version 12.00
# Visual Studio 15
VisualStudioVersion = 15.0.28307.572
MinimumVisualStudioVersion = 10.0.40219.1
Project("{FAE04EC0-301F-11D3-BF4B-00C04F79EFBC}") = "VideoLibraryWithSecurity", "VideoLibraryWithSecurity\VideoLibraryWithSecurity.csproj", "{096E9976-709B-490C-A76F-B3C393F6B196}"
EndProject
Global
	GlobalSection(SolutionConfigurationPlatforms) = preSolution
		Debug|Any CPU = Debug|Any CPU
		Release|Any CPU = Release|Any CPU
	EndGlobalSection
	GlobalSection(ProjectConfigurationPlatforms) = postSolution
		{096E9976-709B-490C-A76F-B3C393F6B196}.Debug|Any CPU.ActiveCfg = Debug|Any CPU
		{096E9976-709B-490C-A76F-B3C393F6B196}.Debug|Any CPU.Build.0 = Debug|Any CPU
		{096E9976-709B-490C-A76F-B3C393F6B196}.Release|Any CPU.ActiveCfg = Release|Any CPU
		{096E9976-709B-490C-A76F-B3C393F6B196}.Release|Any CPU.Build.0 = Release|Any CPU
	EndGlobalSection
	GlobalSection(SolutionProperties) = preSolution
		HideSolutionNode = FALSE
	EndGlobalSection
	GlobalSection(ExtensibilityGlobals) = postSolution
		SolutionGuid = {01BF954B-E14E-40E8-93FC-D75987D6805F}
	EndGlobalSection
EndGlobal
